
Microsoft Visual Studio Solution File, Format Version 12.00
# Visual Studio 15
VisualStudioVersion = 15.0.26430.12
MinimumVisualStudioVersion = 10.0.40219.1
Project("{FAE04EC0-301F-11D3-BF4B-00C04F79EFBC}") = "WSC", "WSC\WSC.csproj", "{ACD3A344-C346-4A3B-B7E2-6DAA3E5A572C}"
EndProject
Project("{FAE04EC0-301F-11D3-BF4B-00C04F79EFBC}") = "WSC.Tests", "WSC.Tests\WSC.Tests.csproj", "{8CC560E4-AD7A-47C5-B0A9-23DED56BABF7}"
EndProject
Global
	GlobalSection(SolutionConfigurationPlatforms) = preSolution
		Debug|Any CPU = Debug|Any CPU
		Release|Any CPU = Release|Any CPU
	EndGlobalSection
	GlobalSection(ProjectConfigurationPlatforms) = postSolution
		{ACD3A344-C346-4A3B-B7E2-6DAA3E5A572C}.Debug|Any CPU.ActiveCfg = Debug|Any CPU
		{ACD3A344-C346-4A3B-B7E2-6DAA3E5A572C}.Debug|Any CPU.Build.0 = Debug|Any CPU
		{ACD3A344-C346-4A3B-B7E2-6DAA3E5A572C}.Release|Any CPU.ActiveCfg = Release|Any CPU
		{ACD3A344-C346-4A3B-B7E2-6DAA3E5A572C}.Release|Any CPU.Build.0 = Release|Any CPU
		{8CC560E4-AD7A-47C5-B0A9-23DED56BABF7}.Debug|Any CPU.ActiveCfg = Debug|Any CPU
		{8CC560E4-AD7A-47C5-B0A9-23DED56BABF7}.Debug|Any CPU.Build.0 = Debug|Any CPU
		{8CC560E4-AD7A-47C5-B0A9-23DED56BABF7}.Release|Any CPU.ActiveCfg = Release|Any CPU
		{8CC560E4-AD7A-47C5-B0A9-23DED56BABF7}.Release|Any CPU.Build.0 = Release|Any CPU
	EndGlobalSection
	GlobalSection(SolutionProperties) = preSolution
		HideSolutionNode = FALSE
	EndGlobalSection
EndGlobal
